
Microsoft Visual Studio Solution File, Format Version 12.00
# Visual Studio Version 17
VisualStudioVersion = 17.3.32929.385
MinimumVisualStudioVersion = 10.0.40219.1
Project("{8BC9CEB8-8B4A-11D0-8D11-00A0C91BC942}") = "7.11.2022", "7.11.2022\7.11.2022.vcxproj", "{0D8F666F-0780-420D-A539-5D7BD8E306DD}"
EndProject
Global
	GlobalSection(SolutionConfigurationPlatforms) = preSolution
		Debug|x64 = Debug|x64
		Debug|x86 = Debug|x86
		Release|x64 = Release|x64
		Release|x86 = Release|x86
	EndGlobalSection
	GlobalSection(ProjectConfigurationPlatforms) = postSolution
		{0D8F666F-0780-420D-A539-5D7BD8E306DD}.Debug|x64.ActiveCfg = Debug|x64
		{0D8F666F-0780-420D-A539-5D7BD8E306DD}.Debug|x64.Build.0 = Debug|x64
		{0D8F666F-0780-420D-A539-5D7BD8E306DD}.Debug|x86.ActiveCfg = Debug|Win32
		{0D8F666F-0780-420D-A539-5D7BD8E306DD}.Debug|x86.Build.0 = Debug|Win32
		{0D8F666F-0780-420D-A539-5D7BD8E306DD}.Release|x64.ActiveCfg = Release|x64
		{0D8F666F-0780-420D-A539-5D7BD8E306DD}.Release|x64.Build.0 = Release|x64
		{0D8F666F-0780-420D-A539-5D7BD8E306DD}.Release|x86.ActiveCfg = Release|Win32
		{0D8F666F-0780-420D-A539-5D7BD8E306DD}.Release|x86.Build.0 = Release|Win32
	EndGlobalSection
	GlobalSection(SolutionProperties) = preSolution
		HideSolutionNode = FALSE
	EndGlobalSection
	GlobalSection(ExtensibilityGlobals) = postSolution
		SolutionGuid = {CDE9E388-B0B1-4934-BA8F-C50A90FB8687}
	EndGlobalSection
EndGlobal
